
Microsoft Visual Studio Solution File, Format Version 12.00
# Visual Studio 15
VisualStudioVersion = 15.0.27130.2027
MinimumVisualStudioVersion = 10.0.40219.1
Project("{9A19103F-16F7-4668-BE54-9A1E7A4F7556}") = "JValue", "src\JValue\JValue.csproj", "{422C840B-242A-4B57-B251-A4129143D562}"
EndProject
Project("{FAE04EC0-301F-11D3-BF4B-00C04F79EFBC}") = "JValue.Unity", "src\JValue.Unity\JValue.Unity.csproj", "{057744D1-999A-4338-8DAF-27290B3FA056}"
EndProject
Project("{2150E333-8FDC-42A3-9474-1A3956D46DE8}") = "src", "src", "{3BEFD0FA-41B2-4FF7-8D53-73FAB6523C2B}"
EndProject
Project("{2150E333-8FDC-42A3-9474-1A3956D46DE8}") = "tests", "tests", "{95F52C64-279D-427D-B974-D0AF09A2942F}"
EndProject
Project("{9A19103F-16F7-4668-BE54-9A1E7A4F7556}") = "JValue.Tests", "tests\JValue.Tests\JValue.Tests.csproj", "{8000E6AC-0D69-4BE5-820F-45A5844D48F8}"
EndProject
Project("{9A19103F-16F7-4668-BE54-9A1E7A4F7556}") = "JValue.Benchmarks", "tests\JValue.Benchmarks\JValue.Benchmarks.csproj", "{AA1C6F78-E880-478B-8BD5-13392021E892}"
EndProject
Project("{FAE04EC0-301F-11D3-BF4B-00C04F79EFBC}") = "JValue.Converter", "src\JValue.Converter\JValue.Converter.csproj", "{DE672957-8049-4D6F-906B-97D9E2EBF261}"
EndProject
Global
	GlobalSection(SolutionConfigurationPlatforms) = preSolution
		Debug|Any CPU = Debug|Any CPU
		Release|Any CPU = Release|Any CPU
	EndGlobalSection
	GlobalSection(ProjectConfigurationPlatforms) = postSolution
		{422C840B-242A-4B57-B251-A4129143D562}.Debug|Any CPU.ActiveCfg = Debug|Any CPU
		{422C840B-242A-4B57-B251-A4129143D562}.Debug|Any CPU.Build.0 = Debug|Any CPU
		{422C840B-242A-4B57-B251-A4129143D562}.Release|Any CPU.ActiveCfg = Release|Any CPU
		{422C840B-242A-4B57-B251-A4129143D562}.Release|Any CPU.Build.0 = Release|Any CPU
		{057744D1-999A-4338-8DAF-27290B3FA056}.Debug|Any CPU.ActiveCfg = Debug|Any CPU
		{057744D1-999A-4338-8DAF-27290B3FA056}.Debug|Any CPU.Build.0 = Debug|Any CPU
		{057744D1-999A-4338-8DAF-27290B3FA056}.Release|Any CPU.ActiveCfg = Release|Any CPU
		{057744D1-999A-4338-8DAF-27290B3FA056}.Release|Any CPU.Build.0 = Release|Any CPU
		{8000E6AC-0D69-4BE5-820F-45A5844D48F8}.Debug|Any CPU.ActiveCfg = Debug|Any CPU
		{8000E6AC-0D69-4BE5-820F-45A5844D48F8}.Debug|Any CPU.Build.0 = Debug|Any CPU
		{8000E6AC-0D69-4BE5-820F-45A5844D48F8}.Release|Any CPU.ActiveCfg = Release|Any CPU
		{8000E6AC-0D69-4BE5-820F-45A5844D48F8}.Release|Any CPU.Build.0 = Release|Any CPU
		{AA1C6F78-E880-478B-8BD5-13392021E892}.Debug|Any CPU.ActiveCfg = Debug|Any CPU
		{AA1C6F78-E880-478B-8BD5-13392021E892}.Debug|Any CPU.Build.0 = Debug|Any CPU
		{AA1C6F78-E880-478B-8BD5-13392021E892}.Release|Any CPU.ActiveCfg = Release|Any CPU
		{AA1C6F78-E880-478B-8BD5-13392021E892}.Release|Any CPU.Build.0 = Release|Any CPU
		{DE672957-8049-4D6F-906B-97D9E2EBF261}.Debug|Any CPU.ActiveCfg = Debug|Any CPU
		{DE672957-8049-4D6F-906B-97D9E2EBF261}.Debug|Any CPU.Build.0 = Debug|Any CPU
		{DE672957-8049-4D6F-906B-97D9E2EBF261}.Release|Any CPU.ActiveCfg = Release|Any CPU
		{DE672957-8049-4D6F-906B-97D9E2EBF261}.Release|Any CPU.Build.0 = Release|Any CPU
	EndGlobalSection
	GlobalSection(SolutionProperties) = preSolution
		HideSolutionNode = FALSE
	EndGlobalSection
	GlobalSection(NestedProjects) = preSolution
		{422C840B-242A-4B57-B251-A4129143D562} = {3BEFD0FA-41B2-4FF7-8D53-73FAB6523C2B}
		{057744D1-999A-4338-8DAF-27290B3FA056} = {3BEFD0FA-41B2-4FF7-8D53-73FAB6523C2B}
		{8000E6AC-0D69-4BE5-820F-45A5844D48F8} = {95F52C64-279D-427D-B974-D0AF09A2942F}
		{AA1C6F78-E880-478B-8BD5-13392021E892} = {95F52C64-279D-427D-B974-D0AF09A2942F}
		{DE672957-8049-4D6F-906B-97D9E2EBF261} = {3BEFD0FA-41B2-4FF7-8D53-73FAB6523C2B}
	EndGlobalSection
	GlobalSection(ExtensibilityGlobals) = postSolution
		SolutionGuid = {B37E637F-E344-46C5-A895-95B39A8A142C}
	EndGlobalSection
EndGlobal
